// !$*UTF8*$!
{
	archiveVersion = 1;
	classes = {
	};
	objectVersion = 50;
	objects = {

/* Begin PBXBuildFile section */
		4F347179257C201D00825D71 /* DataFlowView.swift in Sources */ = {isa = PBXBuildFile; fileRef = 4F347178257C201D00825D71 /* DataFlowView.swift */; };
		4FA2B172257B9299005A45D5 /* BasicsView.swift in Sources */ = {isa = PBXBuildFile; fileRef = 4FA2B171257B9299005A45D5 /* BasicsView.swift */; };
		4FA2B176257B9453005A45D5 /* PositioningView.swift in Sources */ = {isa = PBXBuildFile; fileRef = 4FA2B175257B9453005A45D5 /* PositioningView.swift */; };
		4FA2B179257B94B1005A45D5 /* Utilities.swift in Sources */ = {isa = PBXBuildFile; fileRef = 4FA2B178257B94B1005A45D5 /* Utilities.swift */; };
		4FA2B17D257B99CB005A45D5 /* LayoutDiscussionView.swift in Sources */ = {isa = PBXBuildFile; fileRef = 4FA2B17C257B99CB005A45D5 /* LayoutDiscussionView.swift */; };
		4FA2B182257B9DE0005A45D5 /* LayoutView.swift in Sources */ = {isa = PBXBuildFile; fileRef = 4FA2B181257B9DE0005A45D5 /* LayoutView.swift */; };
		4FA2B185257BC146005A45D5 /* FrameView.swift in Sources */ = {isa = PBXBuildFile; fileRef = 4FA2B184257BC146005A45D5 /* FrameView.swift */; };
		4FA2D7CB257D07270021675B /* PresentDemoView.swift in Sources */ = {isa = PBXBuildFile; fileRef = 4FA2D7CA257D07270021675B /* PresentDemoView.swift */; };
		4FD95555257A7D750023BCA8 /* CVUT_SwiftUI_1App.swift in Sources */ = {isa = PBXBuildFile; fileRef = 4FD95554257A7D750023BCA8 /* CVUT_SwiftUI_1App.swift */; };
		4FD95557257A7D750023BCA8 /* ContentView.swift in Sources */ = {isa = PBXBuildFile; fileRef = 4FD95556257A7D750023BCA8 /* ContentView.swift */; };
		4FD95559257A7D790023BCA8 /* Assets.xcassets in Resources */ = {isa = PBXBuildFile; fileRef = 4FD95558257A7D790023BCA8 /* Assets.xcassets */; };
		4FD9555C257A7D790023BCA8 /* Preview Assets.xcassets in Resources */ = {isa = PBXBuildFile; fileRef = 4FD9555B257A7D790023BCA8 /* Preview Assets.xcassets */; };
/* End PBXBuildFile section */

/* Begin PBXFileReference section */
		4F347178257C201D00825D71 /* DataFlowView.swift */ = {isa = PBXFileReference; lastKnownFileType = sourcecode.swift; name = DataFlowView.swift; path = "CVUT-SwiftUI-1/DataFlowView.swift"; sourceTree = SOURCE_ROOT; };
		4FA2B171257B9299005A45D5 /* BasicsView.swift */ = {isa = PBXFileReference; lastKnownFileType = sourcecode.swift; path = BasicsView.swift; sourceTree = "<group>"; };
		4FA2B175257B9453005A45D5 /* PositioningView.swift */ = {isa = PBXFileReference; lastKnownFileType = sourcecode.swift; path = PositioningView.swift; sourceTree = "<group>"; };
		4FA2B178257B94B1005A45D5 /* Utilities.swift */ = {isa = PBXFileReference; lastKnownFileType = sourcecode.swift; path = Utilities.swift; sourceTree = "<group>"; };
		4FA2B17C257B99CB005A45D5 /* LayoutDiscussionView.swift */ = {isa = PBXFileReference; lastKnownFileType = sourcecode.swift; path = LayoutDiscussionView.swift; sourceTree = "<group>"; };
		4FA2B181257B9DE0005A45D5 /* LayoutView.swift */ = {isa = PBXFileReference; lastKnownFileType = sourcecode.swift; path = LayoutView.swift; sourceTree = "<group>"; };
		4FA2B184257BC146005A45D5 /* FrameView.swift */ = {isa = PBXFileReference; lastKnownFileType = sourcecode.swift; path = FrameView.swift; sourceTree = "<group>"; };
		4FA2D7CA257D07270021675B /* PresentDemoView.swift */ = {isa = PBXFileReference; lastKnownFileType = sourcecode.swift; path = PresentDemoView.swift; sourceTree = "<group>"; };
		4FD95551257A7D750023BCA8 /* CVUT-SwiftUI-1.app */ = {isa = PBXFileReference; explicitFileType = wrapper.application; includeInIndex = 0; path = "CVUT-SwiftUI-1.app"; sourceTree = BUILT_PRODUCTS_DIR; };
		4FD95554257A7D750023BCA8 /* CVUT_SwiftUI_1App.swift */ = {isa = PBXFileReference; lastKnownFileType = sourcecode.swift; path = CVUT_SwiftUI_1App.swift; sourceTree = "<group>"; };
		4FD95556257A7D750023BCA8 /* ContentView.swift */ = {isa = PBXFileReference; lastKnownFileType = sourcecode.swift; path = ContentView.swift; sourceTree = "<group>"; };
		4FD95558257A7D790023BCA8 /* Assets.xcassets */ = {isa = PBXFileReference; lastKnownFileType = folder.assetcatalog; path = Assets.xcassets; sourceTree = "<group>"; };
		4FD9555B257A7D790023BCA8 /* Preview Assets.xcassets */ = {isa = PBXFileReference; lastKnownFileType = folder.assetcatalog; path = "Preview Assets.xcassets"; sourceTree = "<group>"; };
		4FD9555D257A7D790023BCA8 /* Info.plist */ = {isa = PBXFileReference; lastKnownFileType = text.plist.xml; path = Info.plist; sourceTree = "<group>"; };
/* End PBXFileReference section */

/* Begin PBXFrameworksBuildPhase section */
		4FD9554E257A7D750023BCA8 /* Frameworks */ = {
			isa = PBXFrameworksBuildPhase;
			buildActionMask = 2147483647;
			files = (
			);
			runOnlyForDeploymentPostprocessing = 0;
		};
/* End PBXFrameworksBuildPhase section */

/* Begin PBXGroup section */
		4FA2B170257B9280005A45D5 /* Layout System */ = {
			isa = PBXGroup;
			children = (
				4FA2B171257B9299005A45D5 /* BasicsView.swift */,
				4FA2B175257B9453005A45D5 /* PositioningView.swift */,
				4FA2B17C257B99CB005A45D5 /* LayoutDiscussionView.swift */,
				4FA2B181257B9DE0005A45D5 /* LayoutView.swift */,
				4FA2B184257BC146005A45D5 /* FrameView.swift */,
			);
			path = "Layout System";
			sourceTree = "<group>";
		};
		4FA2B188257BD816005A45D5 /* Data Flow */ = {
			isa = PBXGroup;
			children = (
				4F347178257C201D00825D71 /* DataFlowView.swift */,
				4FA2D7CA257D07270021675B /* PresentDemoView.swift */,
			);
			path = "Data Flow";
			sourceTree = "<group>";
		};
		4FD95548257A7D750023BCA8 = {
			isa = PBXGroup;
			children = (
				4FD95553257A7D750023BCA8 /* CVUT-SwiftUI-1 */,
				4FD95552257A7D750023BCA8 /* Products */,
			);
			sourceTree = "<group>";
		};
		4FD95552257A7D750023BCA8 /* Products */ = {
			isa = PBXGroup;
			children = (
				4FD95551257A7D750023BCA8 /* CVUT-SwiftUI-1.app */,
			);
			name = Products;
			sourceTree = "<group>";
		};
		4FD95553257A7D750023BCA8 /* CVUT-SwiftUI-1 */ = {
			isa = PBXGroup;
			children = (
				4FA2B188257BD816005A45D5 /* Data Flow */,
				4FA2B170257B9280005A45D5 /* Layout System */,
				4FD95556257A7D750023BCA8 /* ContentView.swift */,
				4FD95554257A7D750023BCA8 /* CVUT_SwiftUI_1App.swift */,
				4FA2B178257B94B1005A45D5 /* Utilities.swift */,
				4FD95558257A7D790023BCA8 /* Assets.xcassets */,
				4FD9555D257A7D790023BCA8 /* Info.plist */,
				4FD9555A257A7D790023BCA8 /* Preview Content */,
			);
			path = "CVUT-SwiftUI-1";
			sourceTree = "<group>";
		};
		4FD9555A257A7D790023BCA8 /* Preview Content */ = {
			isa = PBXGroup;
			children = (
				4FD9555B257A7D790023BCA8 /* Preview Assets.xcassets */,
			);
			path = "Preview Content";
			sourceTree = "<group>";
		};
/* End PBXGroup section */

/* Begin PBXNativeTarget section */
		4FD95550257A7D750023BCA8 /* CVUT-SwiftUI-1 */ = {
			isa = PBXNativeTarget;
			buildConfigurationList = 4FD95560257A7D790023BCA8 /* Build configuration list for PBXNativeTarget "CVUT-SwiftUI-1" */;
			buildPhases = (
				4FD9554D257A7D750023BCA8 /* Sources */,
				4FD9554E257A7D750023BCA8 /* Frameworks */,
				4FD9554F257A7D750023BCA8 /* Resources */,
			);
			buildRules = (
			);
			dependencies = (
			);
			name = "CVUT-SwiftUI-1";
			productName = "CVUT-SwiftUI-1";
			productReference = 4FD95551257A7D750023BCA8 /* CVUT-SwiftUI-1.app */;
			productType = "com.apple.product-type.application";
		};
/* End PBXNativeTarget section */

/* Begin PBXProject section */
		4FD95549257A7D750023BCA8 /* Project object */ = {
			isa = PBXProject;
			attributes = {
				LastSwiftUpdateCheck = 1220;
				LastUpgradeCheck = 1220;
				TargetAttributes = {
					4FD95550257A7D750023BCA8 = {
						CreatedOnToolsVersion = 12.2;
					};
				};
			};
			buildConfigurationList = 4FD9554C257A7D750023BCA8 /* Build configuration list for PBXProject "CVUT-SwiftUI-1" */;
			compatibilityVersion = "Xcode 9.3";
			developmentRegion = en;
			hasScannedForEncodings = 0;
			knownRegions = (
				en,
				Base,
			);
			mainGroup = 4FD95548257A7D750023BCA8;
			productRefGroup = 4FD95552257A7D750023BCA8 /* Products */;
			projectDirPath = "";
			projectRoot = "";
			targets = (
				4FD95550257A7D750023BCA8 /* CVUT-SwiftUI-1 */,
			);
		};
/* End PBXProject section */

/* Begin PBXResourcesBuildPhase section */
		4FD9554F257A7D750023BCA8 /* Resources */ = {
			isa = PBXResourcesBuildPhase;
			buildActionMask = 2147483647;
			files = (
				4FD9555C257A7D790023BCA8 /* Preview Assets.xcassets in Resources */,
				4FD95559257A7D790023BCA8 /* Assets.xcassets in Resources */,
			);
			runOnlyForDeploymentPostprocessing = 0;
		};
/* End PBXResourcesBuildPhase section */

/* Begin PBXSourcesBuildPhase section */
		4FD9554D257A7D750023BCA8 /* Sources */ = {
			isa = PBXSourcesBuildPhase;
			buildActionMask = 2147483647;
			files = (
				4FA2B185257BC146005A45D5 /* FrameView.swift in Sources */,
				4FA2B17D257B99CB005A45D5 /* LayoutDiscussionView.swift in Sources */,
				4FA2B176257B9453005A45D5 /* PositioningView.swift in Sources */,
				4F347179257C201D00825D71 /* DataFlowView.swift in Sources */,
				4FD95557257A7D750023BCA8 /* ContentView.swift in Sources */,
				4FA2B172257B9299005A45D5 /* BasicsView.swift in Sources */,
				4FA2B179257B94B1005A45D5 /* Utilities.swift in Sources */,
				4FA2B182257B9DE0005A45D5 /* LayoutView.swift in Sources */,
				4FA2D7CB257D07270021675B /* PresentDemoView.swift in Sources */,
				4FD95555257A7D750023BCA8 /* CVUT_SwiftUI_1App.swift in Sources */,
			);
			runOnlyForDeploymentPostprocessing = 0;
		};
/* End PBXSourcesBuildPhase section */

/* Begin XCBuildConfiguration section */
		4FD9555E257A7D790023BCA8 /* Debug */ = {
			isa = XCBuildConfiguration;
			buildSettings = {
				ALWAYS_SEARCH_USER_PATHS = NO;
				CLANG_ANALYZER_NONNULL = YES;
				CLANG_ANALYZER_NUMBER_OBJECT_CONVERSION = YES_AGGRESSIVE;
				CLANG_CXX_LANGUAGE_STANDARD = "gnu++14";
				CLANG_CXX_LIBRARY = "libc++";
				CLANG_ENABLE_MODULES = YES;
				CLANG_ENABLE_OBJC_ARC = YES;
				CLANG_ENABLE_OBJC_WEAK = YES;
				CLANG_WARN_BLOCK_CAPTURE_AUTORELEASING = YES;
				CLANG_WARN_BOOL_CONVERSION = YES;
				CLANG_WARN_COMMA = YES;
				CLANG_WARN_CONSTANT_CONVERSION = YES;
				CLANG_WARN_DEPRECATED_OBJC_IMPLEMENTATIONS = YES;
				CLANG_WARN_DIRECT_OBJC_ISA_USAGE = YES_ERROR;
				CLANG_WARN_DOCUMENTATION_COMMENTS = YES;
				CLANG_WARN_EMPTY_BODY = YES;
				CLANG_WARN_ENUM_CONVERSION = YES;
				CLANG_WARN_INFINITE_RECURSION = YES;
				CLANG_WARN_INT_CONVERSION = YES;
				CLANG_WARN_NON_LITERAL_NULL_CONVERSION = YES;
				CLANG_WARN_OBJC_IMPLICIT_RETAIN_SELF = YES;
				CLANG_WARN_OBJC_LITERAL_CONVERSION = YES;
				CLANG_WARN_OBJC_ROOT_CLASS = YES_ERROR;
				CLANG_WARN_QUOTED_INCLUDE_IN_FRAMEWORK_HEADER = YES;
				CLANG_WARN_RANGE_LOOP_ANALYSIS = YES;
				CLANG_WARN_STRICT_PROTOTYPES = YES;
				CLANG_WARN_SUSPICIOUS_MOVE = YES;
				CLANG_WARN_UNGUARDED_AVAILABILITY = YES_AGGRESSIVE;
				CLANG_WARN_UNREACHABLE_CODE = YES;
				CLANG_WARN__DUPLICATE_METHOD_MATCH = YES;
				COPY_PHASE_STRIP = NO;
				DEBUG_INFORMATION_FORMAT = dwarf;
				ENABLE_STRICT_OBJC_MSGSEND = YES;
				ENABLE_TESTABILITY = YES;
				GCC_C_LANGUAGE_STANDARD = gnu11;
				GCC_DYNAMIC_NO_PIC = NO;
				GCC_NO_COMMON_BLOCKS = YES;
				GCC_OPTIMIZATION_LEVEL = 0;
				GCC_PREPROCESSOR_DEFINITIONS = (
					"DEBUG=1",
					"$(inherited)",
				);
				GCC_WARN_64_TO_32_BIT_CONVERSION = YES;
				GCC_WARN_ABOUT_RETURN_TYPE = YES_ERROR;
				GCC_WARN_UNDECLARED_SELECTOR = YES;
				GCC_WARN_UNINITIALIZED_AUTOS = YES_AGGRESSIVE;
				GCC_WARN_UNUSED_FUNCTION = YES;
				GCC_WARN_UNUSED_VARIABLE = YES;
				IPHONEOS_DEPLOYMENT_TARGET = 14.2;
				MTL_ENABLE_DEBUG_INFO = INCLUDE_SOURCE;
				MTL_FAST_MATH = YES;
				ONLY_ACTIVE_ARCH = YES;
				SDKROOT = iphoneos;
				SWIFT_ACTIVE_COMPILATION_CONDITIONS = DEBUG;
				SWIFT_OPTIMIZATION_LEVEL = "-Onone";
			};
			name = Debug;
		};
		4FD9555F257A7D790023BCA8 /* Release */ = {
			isa = XCBuildConfiguration;
			buildSettings = {
				ALWAYS_SEARCH_USER_PATHS = NO;
				CLANG_ANALYZER_NONNULL = YES;
				CLANG_ANALYZER_NUMBER_OBJECT_CONVERSION = YES_AGGRESSIVE;
				CLANG_CXX_LANGUAGE_STANDARD = "gnu++14";
				CLANG_CXX_LIBRARY = "libc++";
				CLANG_ENABLE_MODULES = YES;
				CLANG_ENABLE_OBJC_ARC = YES;
				CLANG_ENABLE_OBJC_WEAK = YES;
				CLANG_WARN_BLOCK_CAPTURE_AUTORELEASING = YES;
				CLANG_WARN_BOOL_CONVERSION = YES;
				CLANG_WARN_COMMA = YES;
				CLANG_WARN_CONSTANT_CONVERSION = YES;
				CLANG_WARN_DEPRECATED_OBJC_IMPLEMENTATIONS = YES;
				CLANG_WARN_DIRECT_OBJC_ISA_USAGE = YES_ERROR;
				CLANG_WARN_DOCUMENTATION_COMMENTS = YES;
				CLANG_WARN_EMPTY_BODY = YES;
				CLANG_WARN_ENUM_CONVERSION = YES;
				CLANG_WARN_INFINITE_RECURSION = YES;
				CLANG_WARN_INT_CONVERSION = YES;
				CLANG_WARN_NON_LITERAL_NULL_CONVERSION = YES;
				CLANG_WARN_OBJC_IMPLICIT_RETAIN_SELF = YES;
				CLANG_WARN_OBJC_LITERAL_CONVERSION = YES;
				CLANG_WARN_OBJC_ROOT_CLASS = YES_ERROR;
				CLANG_WARN_QUOTED_INCLUDE_IN_FRAMEWORK_HEADER = YES;
				CLANG_WARN_RANGE_LOOP_ANALYSIS = YES;
				CLANG_WARN_STRICT_PROTOTYPES = YES;
				CLANG_WARN_SUSPICIOUS_MOVE = YES;
				CLANG_WARN_UNGUARDED_AVAILABILITY = YES_AGGRESSIVE;
				CLANG_WARN_UNREACHABLE_CODE = YES;
				CLANG_WARN__DUPLICATE_METHOD_MATCH = YES;
				COPY_PHASE_STRIP = NO;
				DEBUG_INFORMATION_FORMAT = "dwarf-with-dsym";
				ENABLE_NS_ASSERTIONS = NO;
				ENABLE_STRICT_OBJC_MSGSEND = YES;
				GCC_C_LANGUAGE_STANDARD = gnu11;
				GCC_NO_COMMON_BLOCKS = YES;
				GCC_WARN_64_TO_32_BIT_CONVERSION = YES;
				GCC_WARN_ABOUT_RETURN_TYPE = YES_ERROR;
				GCC_WARN_UNDECLARED_SELECTOR = YES;
				GCC_WARN_UNINITIALIZED_AUTOS = YES_AGGRESSIVE;
				GCC_WARN_UNUSED_FUNCTION = YES;
				GCC_WARN_UNUSED_VARIABLE = YES;
				IPHONEOS_DEPLOYMENT_TARGET = 14.2;
				MTL_ENABLE_DEBUG_INFO = NO;
				MTL_FAST_MATH = YES;
				SDKROOT = iphoneos;
				SWIFT_COMPILATION_MODE = wholemodule;
				SWIFT_OPTIMIZATION_LEVEL = "-O";
				VALIDATE_PRODUCT = YES;
			};
			name = Release;
		};
		4FD95561257A7D790023BCA8 /* Debug */ = {
			isa = XCBuildConfiguration;
			buildSettings = {
				ASSETCATALOG_COMPILER_APPICON_NAME = AppIcon;
				ASSETCATALOG_COMPILER_GLOBAL_ACCENT_COLOR_NAME = AccentColor;
				CODE_SIGN_STYLE = Automatic;
				DEVELOPMENT_ASSET_PATHS = "\"CVUT-SwiftUI-1/Preview Content\"";
				DEVELOPMENT_TEAM = N4GJSAQ367;
				ENABLE_PREVIEWS = YES;
				INFOPLIST_FILE = "CVUT-SwiftUI-1/Info.plist";
				IPHONEOS_DEPLOYMENT_TARGET = 14.0;
				LD_RUNPATH_SEARCH_PATHS = (
					"$(inherited)",
					"@executable_path/Frameworks",
				);
				PRODUCT_BUNDLE_IDENTIFIER = "com.jankodes.CVUT-SwiftUI-1";
				PRODUCT_NAME = "$(TARGET_NAME)";
				SWIFT_VERSION = 5.0;
				TARGETED_DEVICE_FAMILY = "1,2";
			};
			name = Debug;
		};
		4FD95562257A7D790023BCA8 /* Release */ = {
			isa = XCBuildConfiguration;
			buildSettings = {
				ASSETCATALOG_COMPILER_APPICON_NAME = AppIcon;
				ASSETCATALOG_COMPILER_GLOBAL_ACCENT_COLOR_NAME = AccentColor;
				CODE_SIGN_STYLE = Automatic;
				DEVELOPMENT_ASSET_PATHS = "\"CVUT-SwiftUI-1/Preview Content\"";
				DEVELOPMENT_TEAM = N4GJSAQ367;
				ENABLE_PREVIEWS = YES;
				INFOPLIST_FILE = "CVUT-SwiftUI-1/Info.plist";
				IPHONEOS_DEPLOYMENT_TARGET = 14.0;
				LD_RUNPATH_SEARCH_PATHS = (
					"$(inherited)",
					"@executable_path/Frameworks",
				);
				PRODUCT_BUNDLE_IDENTIFIER = "com.jankodes.CVUT-SwiftUI-1";
				PRODUCT_NAME = "$(TARGET_NAME)";
				SWIFT_VERSION = 5.0;
				TARGETED_DEVICE_FAMILY = "1,2";
			};
			name = Release;
		};
/* End XCBuildConfiguration section */

/* Begin XCConfigurationList section */
		4FD9554C257A7D750023BCA8 /* Build configuration list for PBXProject "CVUT-SwiftUI-1" */ = {
			isa = XCConfigurationList;
			buildConfigurations = (
				4FD9555E257A7D790023BCA8 /* Debug */,
				4FD9555F257A7D790023BCA8 /* Release */,
			);
			defaultConfigurationIsVisible = 0;
			defaultConfigurationName = Release;
		};
		4FD95560257A7D790023BCA8 /* Build configuration list for PBXNativeTarget "CVUT-SwiftUI-1" */ = {
			isa = XCConfigurationList;
			buildConfigurations = (
				4FD95561257A7D790023BCA8 /* Debug */,
				4FD95562257A7D790023BCA8 /* Release */,
			);
			defaultConfigurationIsVisible = 0;
			defaultConfigurationName = Release;
		};
/* End XCConfigurationList section */
	};
	rootObject = 4FD95549257A7D750023BCA8 /* Project object */;
}
